<?xml version="1.0" encoding="utf-8"?>
<Project ToolsVersion="4.0" xmlns="http://schemas.microsoft.com/developer/msbuild/2003">
  <ItemGroup>
    <Filter Include="Source Files">
      <UniqueIdentifier>{4FC737F1-C7A5-4376-A066-2A32D752A2FF}</UniqueIdentifier>
      <Extensions>cpp;c;cc;cxx;def;odl;idl;hpj;bat;asm;asmx</Extensions>
    </Filter>
    <Filter Include="Header Files">
      <UniqueIdentifier>{93995380-89BD-4b04-88EB-625FBE52EBFB}</UniqueIdentifier>
      <Extensions>h;hh;hpp;hxx;hm;inl;inc;xsd</Extensions>
    </Filter>
    <Filter Include="Resource Files">
      <UniqueIdentifier>{67DA6AB6-F800-4c08-8B7A-83BB121AAD01}</UniqueIdentifier>
      <Extensions>qrc;rc;ico;cur;bmp;dlg;rc2;rct;bin;rgs;gif;jpg;jpeg;jpe;resx;tiff;tif;png;wav;mfcribbon-ms</Extensions>
    </Filter>
    <Filter Include="Form Files">
      <UniqueIdentifier>{99349809-55BA-4b9d-BF79-8FDBB0286EB3}</UniqueIdentifier>
      <Extensions>ui</Extensions>
    </Filter>
    <Filter Include="Mesh">
      <UniqueIdentifier>{a474cb56-2786-49a4-a592-8e9bbbad25f8}</UniqueIdentifier>
    </Filter>
    <Filter Include="GLSL">
      <UniqueIdentifier>{908e79a0-8499-4661-9897-2183101e7f40}</UniqueIdentifier>
    </Filter>
    <Filter Include="BezierCurve">
      <UniqueIdentifier>{4695a735-5b48-4cc2-b5f8-acad4f44dfe8}</UniqueIdentifier>
    </Filter>
    <Filter Include="BezierPatch">
      <UniqueIdentifier>{34e49789-0f0b-413e-bafa-15fa6ac2831f}</UniqueIdentifier>
    </Filter>
    <Filter Include="GLSL\Compute Shaders">
      <UniqueIdentifier>{4eb60605-0b17-472f-ba3b-868515689794}</UniqueIdentifier>
    </Filter>
  </ItemGroup>
  <ItemGroup>
    <QtRcc Include="MainWindow.qrc">
      <Filter>Resource Files</Filter>
    </QtRcc>
    <QtUic Include="MainWindow.ui">
      <Filter>Form Files</Filter>
    </QtUic>
    <QtMoc Include="MainWindow.h">
      <Filter>Header Files</Filter>
    </QtMoc>
    <ClCompile Include="MainWindow.cpp">
      <Filter>Source Files</Filter>
    </ClCompile>
  </ItemGroup>
  <ItemGroup>
    <ClCompile Include="main.cpp">
      <Filter>Source Files</Filter>
    </ClCompile>
    <ClCompile Include="OpenGLWidget.cpp">
      <Filter>Source Files</Filter>
    </ClCompile>
    <ClCompile Include="Mesh\Mesh.cpp">
      <Filter>Mesh</Filter>
    </ClCompile>
    <ClCompile Include="Mesh\MeshHalfEdge.cpp">
      <Filter>Mesh</Filter>
    </ClCompile>
    <ClCompile Include="Mesh\MeshTriangle.cpp">
      <Filter>Mesh</Filter>
    </ClCompile>
    <ClCompile Include="Mesh\MeshVertex.cpp">
      <Filter>Mesh</Filter>
    </ClCompile>
    <ClCompile Include="ShaderProgram.cpp">
      <Filter>Source Files</Filter>
    </ClCompile>
    <ClCompile Include="Camera.cpp">
      <Filter>Source Files</Filter>
    </ClCompile>
    <ClCompile Include="BezierCurveHandler.cpp">
      <Filter>BezierCurve</Filter>
    </ClCompile>
    <ClCompile Include="BezierCurveMesh.cpp">
      <Filter>BezierCurve</Filter>
    </ClCompile>
    <ClCompile Include="BezierCurveObject.cpp">
      <Filter>BezierCurve</Filter>
    </ClCompile>
    <ClCompile Include="BezierPatchMesh.cpp">
      <Filter>BezierPatch</Filter>
    </ClCompile>
    <ClCompile Include="BezierPatchObject.cpp">
      <Filter>BezierPatch</Filter>
    </ClCompile>
    <ClCompile Include="BezierPatchHandler.cpp">
      <Filter>BezierPatch</Filter>
    </ClCompile>
    <ClCompile Include="Handler.cpp">
      <Filter>Source Files</Filter>
    </ClCompile>
    <ClCompile Include="BezierSurfaceTexture.cpp">
      <Filter>BezierPatch</Filter>
    </ClCompile>
  </ItemGroup>
  <ItemGroup>
    <QtMoc Include="OpenGLWidget.h">
      <Filter>Header Files</Filter>
    </QtMoc>
  </ItemGroup>
  <ItemGroup>
    <QtUic Include="OpenGLWidget.ui">
      <Filter>Form Files</Filter>
    </QtUic>
  </ItemGroup>
  <ItemGroup>
    <ClInclude Include="Mesh\Mesh.h">
      <Filter>Mesh</Filter>
    </ClInclude>
    <ClInclude Include="Mesh\MeshHalfEdge.h">
      <Filter>Mesh</Filter>
    </ClInclude>
    <ClInclude Include="Mesh\MeshTriangle.h">
      <Filter>Mesh</Filter>
    </ClInclude>
    <ClInclude Include="Mesh\MeshVertex.h">
      <Filter>Mesh</Filter>
    </ClInclude>
    <ClInclude Include="ShaderProgram.h">
      <Filter>Header Files</Filter>
    </ClInclude>
    <ClInclude Include="Camera.h">
      <Filter>Header Files</Filter>
    </ClInclude>
    <ClInclude Include="BezierCurveHandler.h">
      <Filter>BezierCurve</Filter>
    </ClInclude>
    <ClInclude Include="BezierCurveMesh.h">
      <Filter>BezierCurve</Filter>
    </ClInclude>
    <ClInclude Include="BezierCurveObject.h">
      <Filter>BezierCurve</Filter>
    </ClInclude>
    <ClInclude Include="BezierPatchMesh.h">
      <Filter>BezierPatch</Filter>
    </ClInclude>
    <ClInclude Include="BezierPatchObject.h">
      <Filter>BezierPatch</Filter>
    </ClInclude>
    <ClInclude Include="BezierPatchHandler.h">
      <Filter>BezierPatch</Filter>
    </ClInclude>
    <ClInclude Include="Handler.h">
      <Filter>Header Files</Filter>
    </ClInclude>
    <ClInclude Include="ComputeShader.h">
      <Filter>Source Files</Filter>
    </ClInclude>
    <ClInclude Include="BezierSurfaceTexture.h">
      <Filter>BezierPatch</Filter>
    </ClInclude>
  </ItemGroup>
  <ItemGroup>
    <None Include="fragmentBezierSurface.glsl">
      <Filter>GLSL</Filter>
    </None>
    <None Include="vertexBezierCurve.glsl">
      <Filter>GLSL</Filter>
    </None>
    <None Include="vertexControlPoly.glsl">
      <Filter>GLSL</Filter>
    </None>
    <None Include="fragmentControlPoly.glsl">
      <Filter>GLSL</Filter>
    </None>
    <None Include="fragmentBezierCurve.glsl">
      <Filter>GLSL</Filter>
    </None>
    <None Include="vertexBezierSurface.glsl">
      <Filter>GLSL</Filter>
    </None>
    <None Include="normalCompute.glsl">
      <Filter>GLSL\Compute Shaders</Filter>
    </None>
    <None Include="BezierSurfaceCompute.glsl">
      <Filter>GLSL\Compute Shaders</Filter>
    </None>
  </ItemGroup>
</Project>